# This file is autogenerated, do not edit; changes may be undone by the next 'dep ensure'.


[[projects]]
  name = "github.com/go-redis/redis"
  packages = [
    ".",
    "internal",
    "internal/consistenthash",
    "internal/hashtag",
    "internal/pool",
    "internal/proto",
    "internal/singleflight",
    "internal/util"
  ]
  revision = "9133634a132e00309476e2d9acbf0c8058d4c888"
  version = "v6.10.0"

[[projects]]
  name = "github.com/libvirt/libvirt-go"
  packages = ["."]
  revision = "b8570d1869813105e8fb57b728900a98291658f7"
  version = "v4.1.0"

[[projects]]
  name = "github.com/libvirt/libvirt-go-xml"
  packages = ["."]
  revision = "5f9fae2df1fe73edd9fc80983d7f44db61f7088d"
  version = "v4.1.0"

[[projects]]
  name = "github.com/rcgoodfellow/raven"
  packages = ["rvn"]
  revision = "27ce6e8d8e5c8adc1803c3efa7468f291e255e43"
  version = "v0.1"

[solve-meta]
  analyzer-name = "dep"
  analyzer-version = 1
  inputs-digest = "08225446d3369bb7efee0aef95fdf0acc3e636ab1a017c06d87301baf07dbdf1"
  solver-name = "gps-cdcl"
  solver-version = 1
